
Microsoft Visual Studio Solution File, Format Version 12.00
# Visual Studio Version 17
VisualStudioVersion = 17.10.35004.147
MinimumVisualStudioVersion = 10.0.40219.1
Project("{888888A0-9F3D-457C-B088-3A5042F75D52}") = "PlayingDices", "PlayingDices\PlayingDices.pyproj", "{4770019A-3101-4F2B-9BDB-8BA90A5D8F08}"
EndProject
Global
	GlobalSection(SolutionConfigurationPlatforms) = preSolution
		Debug|Any CPU = Debug|Any CPU
		Release|Any CPU = Release|Any CPU
	EndGlobalSection
	GlobalSection(ProjectConfigurationPlatforms) = postSolution
		{4770019A-3101-4F2B-9BDB-8BA90A5D8F08}.Debug|Any CPU.ActiveCfg = Debug|Any CPU
		{4770019A-3101-4F2B-9BDB-8BA90A5D8F08}.Release|Any CPU.ActiveCfg = Release|Any CPU
	EndGlobalSection
	GlobalSection(SolutionProperties) = preSolution
		HideSolutionNode = FALSE
	EndGlobalSection
	GlobalSection(ExtensibilityGlobals) = postSolution
		SolutionGuid = {A1B1D738-EE53-411D-A908-160DAFCF9AA9}
	EndGlobalSection
EndGlobal
